
Microsoft Visual Studio Solution File, Format Version 12.00
# Visual Studio Version 16
VisualStudioVersion = 16.0.30804.86
MinimumVisualStudioVersion = 10.0.40219.1
Project("{FAE04EC0-301F-11D3-BF4B-00C04F79EFBC}") = "ContactDesktopApplication", "ContactDesktopApplication\ContactDesktopApplication.csproj", "{387814FB-C294-48C4-B8E8-AA603E6EFEFD}"
EndProject
Global
	GlobalSection(SolutionConfigurationPlatforms) = preSolution
		Debug|Any CPU = Debug|Any CPU
		Release|Any CPU = Release|Any CPU
	EndGlobalSection
	GlobalSection(ProjectConfigurationPlatforms) = postSolution
		{387814FB-C294-48C4-B8E8-AA603E6EFEFD}.Debug|Any CPU.ActiveCfg = Debug|Any CPU
		{387814FB-C294-48C4-B8E8-AA603E6EFEFD}.Debug|Any CPU.Build.0 = Debug|Any CPU
		{387814FB-C294-48C4-B8E8-AA603E6EFEFD}.Release|Any CPU.ActiveCfg = Release|Any CPU
		{387814FB-C294-48C4-B8E8-AA603E6EFEFD}.Release|Any CPU.Build.0 = Release|Any CPU
	EndGlobalSection
	GlobalSection(SolutionProperties) = preSolution
		HideSolutionNode = FALSE
	EndGlobalSection
	GlobalSection(ExtensibilityGlobals) = postSolution
		SolutionGuid = {EDC2B834-E2FB-449B-A1F1-5E3EB6773AF2}
	EndGlobalSection
EndGlobal
